
Microsoft Visual Studio Solution File, Format Version 12.00
# Visual Studio 14
VisualStudioVersion = 14.0.24720.0
MinimumVisualStudioVersion = 10.0.40219.1
Project("{2150E333-8FDC-42A3-9474-1A3956D46DE8}") = "src", "src", "{1D98D1D1-18EA-4D6A-A066-CCAFF7A88AD4}"
EndProject
Project("{2150E333-8FDC-42A3-9474-1A3956D46DE8}") = "Solution Items", "Solution Items", "{9D219E1D-EC79-40C7-A32A-E0D5AAC35326}"
	ProjectSection(SolutionItems) = preProject
		global.json = global.json
	EndProjectSection
EndProject
Project("{8BB2217D-0F2D-49D1-97BC-3654ED321F3B}") = "IdentityServer3.Contrib.Store.AzureTableStorage", "src\IdentityServer3.Contrib.Store.AzureTableStorage\IdentityServer3.Contrib.Store.AzureTableStorage.xproj", "{E076EC1F-4E84-4456-9539-5221CB754410}"
EndProject
Global
	GlobalSection(SolutionConfigurationPlatforms) = preSolution
		Debug|Any CPU = Debug|Any CPU
		Release|Any CPU = Release|Any CPU
	EndGlobalSection
	GlobalSection(ProjectConfigurationPlatforms) = postSolution
		{E076EC1F-4E84-4456-9539-5221CB754410}.Debug|Any CPU.ActiveCfg = Debug|Any CPU
		{E076EC1F-4E84-4456-9539-5221CB754410}.Debug|Any CPU.Build.0 = Debug|Any CPU
		{E076EC1F-4E84-4456-9539-5221CB754410}.Release|Any CPU.ActiveCfg = Release|Any CPU
		{E076EC1F-4E84-4456-9539-5221CB754410}.Release|Any CPU.Build.0 = Release|Any CPU
	EndGlobalSection
	GlobalSection(SolutionProperties) = preSolution
		HideSolutionNode = FALSE
	EndGlobalSection
	GlobalSection(NestedProjects) = preSolution
		{E076EC1F-4E84-4456-9539-5221CB754410} = {1D98D1D1-18EA-4D6A-A066-CCAFF7A88AD4}
	EndGlobalSection
EndGlobal
